# THIS IS AN AUTOGENERATED FILE. DO NOT EDIT THIS FILE DIRECTLY.
# yarn lockfile v1


codemirror@5.28.0:
  version "5.28.0"
  resolved "https://registry.yarnpkg.com/codemirror/-/codemirror-5.28.0.tgz#2978d9280d671351a4f5737d06bbd681a0fd6f83"

eve-raphael@0.5.0:
  version "0.5.0"
  resolved "https://registry.yarnpkg.com/eve-raphael/-/eve-raphael-0.5.0.tgz#17c754b792beef3fa6684d79cf5a47c63c4cda30"

parinfer@^3.11.0:
  version "3.11.0"
  resolved "https://registry.yarnpkg.com/parinfer/-/parinfer-3.11.0.tgz#f80482e6c97c43ef6286fa040863a9cd74ec35fb"

raphael@2.2.7:
  version "2.2.7"
  resolved "https://registry.yarnpkg.com/raphael/-/raphael-2.2.7.tgz#231b19141f8d086986d8faceb66f8b562ee2c810"
  dependencies:
    eve-raphael "0.5.0"
